
Microsoft Visual Studio Solution File, Format Version 12.00
# Visual Studio 15
VisualStudioVersion = 15.0.27428.2027
MinimumVisualStudioVersion = 10.0.40219.1
Project("{FAE04EC0-301F-11D3-BF4B-00C04F79EFBC}") = "TcpClientTest", "TcpClientTest\TcpClientTest.csproj", "{B0EDC7EE-0C5D-470F-8040-51E8BC9DA2B8}"
EndProject
Global
	GlobalSection(SolutionConfigurationPlatforms) = preSolution
		Debug|Any CPU = Debug|Any CPU
		Release|Any CPU = Release|Any CPU
	EndGlobalSection
	GlobalSection(ProjectConfigurationPlatforms) = postSolution
		{B0EDC7EE-0C5D-470F-8040-51E8BC9DA2B8}.Debug|Any CPU.ActiveCfg = Debug|Any CPU
		{B0EDC7EE-0C5D-470F-8040-51E8BC9DA2B8}.Debug|Any CPU.Build.0 = Debug|Any CPU
		{B0EDC7EE-0C5D-470F-8040-51E8BC9DA2B8}.Release|Any CPU.ActiveCfg = Release|Any CPU
		{B0EDC7EE-0C5D-470F-8040-51E8BC9DA2B8}.Release|Any CPU.Build.0 = Release|Any CPU
	EndGlobalSection
	GlobalSection(SolutionProperties) = preSolution
		HideSolutionNode = FALSE
	EndGlobalSection
	GlobalSection(ExtensibilityGlobals) = postSolution
		SolutionGuid = {22812B85-B1B4-4253-A6CD-6309274A7FDD}
	EndGlobalSection
EndGlobal
