
Microsoft Visual Studio Solution File, Format Version 12.00
# Visual Studio 15
VisualStudioVersion = 15.0.27130.2027
MinimumVisualStudioVersion = 10.0.40219.1
Project("{FAE04EC0-301F-11D3-BF4B-00C04F79EFBC}") = "3_05_operator_2", "3_05_operator_2\3_05_operator_2.csproj", "{77BF4960-ABA6-4AC0-ABE7-27F7C2E23FDB}"
EndProject
Global
	GlobalSection(SolutionConfigurationPlatforms) = preSolution
		Debug|Any CPU = Debug|Any CPU
		Release|Any CPU = Release|Any CPU
	EndGlobalSection
	GlobalSection(ProjectConfigurationPlatforms) = postSolution
		{77BF4960-ABA6-4AC0-ABE7-27F7C2E23FDB}.Debug|Any CPU.ActiveCfg = Debug|Any CPU
		{77BF4960-ABA6-4AC0-ABE7-27F7C2E23FDB}.Debug|Any CPU.Build.0 = Debug|Any CPU
		{77BF4960-ABA6-4AC0-ABE7-27F7C2E23FDB}.Release|Any CPU.ActiveCfg = Release|Any CPU
		{77BF4960-ABA6-4AC0-ABE7-27F7C2E23FDB}.Release|Any CPU.Build.0 = Release|Any CPU
	EndGlobalSection
	GlobalSection(SolutionProperties) = preSolution
		HideSolutionNode = FALSE
	EndGlobalSection
	GlobalSection(ExtensibilityGlobals) = postSolution
		SolutionGuid = {AA3F5627-CDB7-48F7-A088-2DABAD2392A4}
	EndGlobalSection
EndGlobal
