
Microsoft Visual Studio Solution File, Format Version 12.00
# Visual Studio 15
VisualStudioVersion = 15.0.27428.2005
MinimumVisualStudioVersion = 10.0.40219.1
Project("{FAE04EC0-301F-11D3-BF4B-00C04F79EFBC}") = "WindowsFormsApp4", "WindowsFormsApp4\WindowsFormsApp4.csproj", "{F4798A07-4EF4-41EB-A1B3-8AEB94A10DC4}"
EndProject
Global
	GlobalSection(SolutionConfigurationPlatforms) = preSolution
		Debug|Any CPU = Debug|Any CPU
		Release|Any CPU = Release|Any CPU
	EndGlobalSection
	GlobalSection(ProjectConfigurationPlatforms) = postSolution
		{F4798A07-4EF4-41EB-A1B3-8AEB94A10DC4}.Debug|Any CPU.ActiveCfg = Debug|Any CPU
		{F4798A07-4EF4-41EB-A1B3-8AEB94A10DC4}.Debug|Any CPU.Build.0 = Debug|Any CPU
		{F4798A07-4EF4-41EB-A1B3-8AEB94A10DC4}.Release|Any CPU.ActiveCfg = Release|Any CPU
		{F4798A07-4EF4-41EB-A1B3-8AEB94A10DC4}.Release|Any CPU.Build.0 = Release|Any CPU
	EndGlobalSection
	GlobalSection(SolutionProperties) = preSolution
		HideSolutionNode = FALSE
	EndGlobalSection
	GlobalSection(ExtensibilityGlobals) = postSolution
		SolutionGuid = {19990DF8-7F4B-4C4D-B2BC-C9FFCA3ECD97}
	EndGlobalSection
EndGlobal
