
Microsoft Visual Studio Solution File, Format Version 12.00
# Visual Studio 15
VisualStudioVersion = 15.0.27130.2027
MinimumVisualStudioVersion = 10.0.40219.1
Project("{FAE04EC0-301F-11D3-BF4B-00C04F79EFBC}") = "3_05_array", "3_05_array\3_05_array.csproj", "{948B1DA6-0E92-4A0D-9AF7-5C5E5130F235}"
EndProject
Global
	GlobalSection(SolutionConfigurationPlatforms) = preSolution
		Debug|Any CPU = Debug|Any CPU
		Release|Any CPU = Release|Any CPU
	EndGlobalSection
	GlobalSection(ProjectConfigurationPlatforms) = postSolution
		{948B1DA6-0E92-4A0D-9AF7-5C5E5130F235}.Debug|Any CPU.ActiveCfg = Debug|Any CPU
		{948B1DA6-0E92-4A0D-9AF7-5C5E5130F235}.Debug|Any CPU.Build.0 = Debug|Any CPU
		{948B1DA6-0E92-4A0D-9AF7-5C5E5130F235}.Release|Any CPU.ActiveCfg = Release|Any CPU
		{948B1DA6-0E92-4A0D-9AF7-5C5E5130F235}.Release|Any CPU.Build.0 = Release|Any CPU
	EndGlobalSection
	GlobalSection(SolutionProperties) = preSolution
		HideSolutionNode = FALSE
	EndGlobalSection
	GlobalSection(ExtensibilityGlobals) = postSolution
		SolutionGuid = {9F16D426-2AD2-46DB-8983-EDBD83007798}
	EndGlobalSection
EndGlobal
