
Microsoft Visual Studio Solution File, Format Version 12.00
# Visual Studio 15
VisualStudioVersion = 15.0.27428.2027
MinimumVisualStudioVersion = 10.0.40219.1
Project("{FAE04EC0-301F-11D3-BF4B-00C04F79EFBC}") = "1_1_Chatting_program", "1_1_Chatting_program\1_1_Chatting_program.csproj", "{0F387FB6-9F77-4B39-92AC-60C06A604331}"
EndProject
Global
	GlobalSection(SolutionConfigurationPlatforms) = preSolution
		Debug|Any CPU = Debug|Any CPU
		Release|Any CPU = Release|Any CPU
	EndGlobalSection
	GlobalSection(ProjectConfigurationPlatforms) = postSolution
		{0F387FB6-9F77-4B39-92AC-60C06A604331}.Debug|Any CPU.ActiveCfg = Debug|Any CPU
		{0F387FB6-9F77-4B39-92AC-60C06A604331}.Debug|Any CPU.Build.0 = Debug|Any CPU
		{0F387FB6-9F77-4B39-92AC-60C06A604331}.Release|Any CPU.ActiveCfg = Release|Any CPU
		{0F387FB6-9F77-4B39-92AC-60C06A604331}.Release|Any CPU.Build.0 = Release|Any CPU
	EndGlobalSection
	GlobalSection(SolutionProperties) = preSolution
		HideSolutionNode = FALSE
	EndGlobalSection
	GlobalSection(ExtensibilityGlobals) = postSolution
		SolutionGuid = {023C2F35-3C0B-4E99-ACC9-DC2854AA9F50}
	EndGlobalSection
EndGlobal
