
Microsoft Visual Studio Solution File, Format Version 12.00
# Visual Studio 15
VisualStudioVersion = 15.0.27703.2018
MinimumVisualStudioVersion = 10.0.40219.1
Project("{FAE04EC0-301F-11D3-BF4B-00C04F79EFBC}") = "WindowsFormsApp1", "WindowsFormsApp1\WindowsFormsApp1.csproj", "{03AC8A25-F982-45FA-9E85-9291D8EE18F6}"
EndProject
Global
	GlobalSection(SolutionConfigurationPlatforms) = preSolution
		Debug|Any CPU = Debug|Any CPU
		Release|Any CPU = Release|Any CPU
	EndGlobalSection
	GlobalSection(ProjectConfigurationPlatforms) = postSolution
		{03AC8A25-F982-45FA-9E85-9291D8EE18F6}.Debug|Any CPU.ActiveCfg = Debug|Any CPU
		{03AC8A25-F982-45FA-9E85-9291D8EE18F6}.Debug|Any CPU.Build.0 = Debug|Any CPU
		{03AC8A25-F982-45FA-9E85-9291D8EE18F6}.Release|Any CPU.ActiveCfg = Release|Any CPU
		{03AC8A25-F982-45FA-9E85-9291D8EE18F6}.Release|Any CPU.Build.0 = Release|Any CPU
	EndGlobalSection
	GlobalSection(SolutionProperties) = preSolution
		HideSolutionNode = FALSE
	EndGlobalSection
	GlobalSection(ExtensibilityGlobals) = postSolution
		SolutionGuid = {60508AFB-EACD-4AC1-BD54-DC0A957B6245}
	EndGlobalSection
EndGlobal
