
Microsoft Visual Studio Solution File, Format Version 12.00
# Visual Studio 15
VisualStudioVersion = 15.0.27703.2000
MinimumVisualStudioVersion = 10.0.40219.1
Project("{FAE04EC0-301F-11D3-BF4B-00C04F79EFBC}") = "Collection_2", "Collection_2\Collection_2.csproj", "{1FA10A8B-8176-4EC4-97D1-525A1DFDA9EF}"
EndProject
Global
	GlobalSection(SolutionConfigurationPlatforms) = preSolution
		Debug|Any CPU = Debug|Any CPU
		Release|Any CPU = Release|Any CPU
	EndGlobalSection
	GlobalSection(ProjectConfigurationPlatforms) = postSolution
		{1FA10A8B-8176-4EC4-97D1-525A1DFDA9EF}.Debug|Any CPU.ActiveCfg = Debug|Any CPU
		{1FA10A8B-8176-4EC4-97D1-525A1DFDA9EF}.Debug|Any CPU.Build.0 = Debug|Any CPU
		{1FA10A8B-8176-4EC4-97D1-525A1DFDA9EF}.Release|Any CPU.ActiveCfg = Release|Any CPU
		{1FA10A8B-8176-4EC4-97D1-525A1DFDA9EF}.Release|Any CPU.Build.0 = Release|Any CPU
	EndGlobalSection
	GlobalSection(SolutionProperties) = preSolution
		HideSolutionNode = FALSE
	EndGlobalSection
	GlobalSection(ExtensibilityGlobals) = postSolution
		SolutionGuid = {A4DD9C6D-53DF-4B0D-85F3-EE966271C57C}
	EndGlobalSection
EndGlobal
