
Microsoft Visual Studio Solution File, Format Version 12.00
# Visual Studio 15
VisualStudioVersion = 15.0.27428.2005
MinimumVisualStudioVersion = 10.0.40219.1
Project("{FAE04EC0-301F-11D3-BF4B-00C04F79EFBC}") = "generics", "generics\generics.csproj", "{11E867DE-5FA9-42E4-88F4-DE973C4FAD5E}"
EndProject
Global
	GlobalSection(SolutionConfigurationPlatforms) = preSolution
		Debug|Any CPU = Debug|Any CPU
		Release|Any CPU = Release|Any CPU
	EndGlobalSection
	GlobalSection(ProjectConfigurationPlatforms) = postSolution
		{11E867DE-5FA9-42E4-88F4-DE973C4FAD5E}.Debug|Any CPU.ActiveCfg = Debug|Any CPU
		{11E867DE-5FA9-42E4-88F4-DE973C4FAD5E}.Debug|Any CPU.Build.0 = Debug|Any CPU
		{11E867DE-5FA9-42E4-88F4-DE973C4FAD5E}.Release|Any CPU.ActiveCfg = Release|Any CPU
		{11E867DE-5FA9-42E4-88F4-DE973C4FAD5E}.Release|Any CPU.Build.0 = Release|Any CPU
	EndGlobalSection
	GlobalSection(SolutionProperties) = preSolution
		HideSolutionNode = FALSE
	EndGlobalSection
	GlobalSection(ExtensibilityGlobals) = postSolution
		SolutionGuid = {66A72ACC-6B9A-46CA-8F62-AD266592BE0E}
	EndGlobalSection
EndGlobal
