
Microsoft Visual Studio Solution File, Format Version 12.00
# Visual Studio 15
VisualStudioVersion = 15.0.27703.2018
MinimumVisualStudioVersion = 10.0.40219.1
Project("{FAE04EC0-301F-11D3-BF4B-00C04F79EFBC}") = "paint_image_practice", "paint_image_practice\paint_image_practice.csproj", "{593C3EC4-971D-4ED5-BD41-2EC4A0D58D8A}"
EndProject
Global
	GlobalSection(SolutionConfigurationPlatforms) = preSolution
		Debug|Any CPU = Debug|Any CPU
		Release|Any CPU = Release|Any CPU
	EndGlobalSection
	GlobalSection(ProjectConfigurationPlatforms) = postSolution
		{593C3EC4-971D-4ED5-BD41-2EC4A0D58D8A}.Debug|Any CPU.ActiveCfg = Debug|Any CPU
		{593C3EC4-971D-4ED5-BD41-2EC4A0D58D8A}.Debug|Any CPU.Build.0 = Debug|Any CPU
		{593C3EC4-971D-4ED5-BD41-2EC4A0D58D8A}.Release|Any CPU.ActiveCfg = Release|Any CPU
		{593C3EC4-971D-4ED5-BD41-2EC4A0D58D8A}.Release|Any CPU.Build.0 = Release|Any CPU
	EndGlobalSection
	GlobalSection(SolutionProperties) = preSolution
		HideSolutionNode = FALSE
	EndGlobalSection
	GlobalSection(ExtensibilityGlobals) = postSolution
		SolutionGuid = {0E706665-D0DD-4582-8299-11F33B94FDE8}
	EndGlobalSection
EndGlobal
