
Microsoft Visual Studio Solution File, Format Version 12.00
# Visual Studio 15
VisualStudioVersion = 15.0.27703.2018
MinimumVisualStudioVersion = 10.0.40219.1
Project("{FAE04EC0-301F-11D3-BF4B-00C04F79EFBC}") = "Attribute_practice2", "Attribute_practice2\Attribute_practice2.csproj", "{BEA51CF5-9B21-4EF2-9BD4-37D4F6C003F1}"
EndProject
Global
	GlobalSection(SolutionConfigurationPlatforms) = preSolution
		Debug|Any CPU = Debug|Any CPU
		Release|Any CPU = Release|Any CPU
	EndGlobalSection
	GlobalSection(ProjectConfigurationPlatforms) = postSolution
		{BEA51CF5-9B21-4EF2-9BD4-37D4F6C003F1}.Debug|Any CPU.ActiveCfg = Debug|Any CPU
		{BEA51CF5-9B21-4EF2-9BD4-37D4F6C003F1}.Debug|Any CPU.Build.0 = Debug|Any CPU
		{BEA51CF5-9B21-4EF2-9BD4-37D4F6C003F1}.Release|Any CPU.ActiveCfg = Release|Any CPU
		{BEA51CF5-9B21-4EF2-9BD4-37D4F6C003F1}.Release|Any CPU.Build.0 = Release|Any CPU
	EndGlobalSection
	GlobalSection(SolutionProperties) = preSolution
		HideSolutionNode = FALSE
	EndGlobalSection
	GlobalSection(ExtensibilityGlobals) = postSolution
		SolutionGuid = {419BA836-8730-4067-A7D5-C1137C75B414}
	EndGlobalSection
EndGlobal
