
Microsoft Visual Studio Solution File, Format Version 12.00
# Visual Studio 15
VisualStudioVersion = 15.0.27428.2005
MinimumVisualStudioVersion = 10.0.40219.1
Project("{FAE04EC0-301F-11D3-BF4B-00C04F79EFBC}") = "WindowsFormsApp3", "WindowsFormsApp3\WindowsFormsApp3.csproj", "{8F923178-D284-4F96-8005-D21C5E17399C}"
EndProject
Global
	GlobalSection(SolutionConfigurationPlatforms) = preSolution
		Debug|Any CPU = Debug|Any CPU
		Release|Any CPU = Release|Any CPU
	EndGlobalSection
	GlobalSection(ProjectConfigurationPlatforms) = postSolution
		{8F923178-D284-4F96-8005-D21C5E17399C}.Debug|Any CPU.ActiveCfg = Debug|Any CPU
		{8F923178-D284-4F96-8005-D21C5E17399C}.Debug|Any CPU.Build.0 = Debug|Any CPU
		{8F923178-D284-4F96-8005-D21C5E17399C}.Release|Any CPU.ActiveCfg = Release|Any CPU
		{8F923178-D284-4F96-8005-D21C5E17399C}.Release|Any CPU.Build.0 = Release|Any CPU
	EndGlobalSection
	GlobalSection(SolutionProperties) = preSolution
		HideSolutionNode = FALSE
	EndGlobalSection
	GlobalSection(ExtensibilityGlobals) = postSolution
		SolutionGuid = {506B3FB4-6343-4B84-BD26-ABB8BFF9C824}
	EndGlobalSection
EndGlobal
