
Microsoft Visual Studio Solution File, Format Version 12.00
# Visual Studio 15
VisualStudioVersion = 15.0.27428.2027
MinimumVisualStudioVersion = 10.0.40219.1
Project("{FAE04EC0-301F-11D3-BF4B-00C04F79EFBC}") = "ClassLibrary1", "ClassLibrary1\ClassLibrary1.csproj", "{2526B799-9FB1-4561-B510-74B548BB53A1}"
EndProject
Global
	GlobalSection(SolutionConfigurationPlatforms) = preSolution
		Debug|Any CPU = Debug|Any CPU
		Release|Any CPU = Release|Any CPU
	EndGlobalSection
	GlobalSection(ProjectConfigurationPlatforms) = postSolution
		{2526B799-9FB1-4561-B510-74B548BB53A1}.Debug|Any CPU.ActiveCfg = Debug|Any CPU
		{2526B799-9FB1-4561-B510-74B548BB53A1}.Debug|Any CPU.Build.0 = Debug|Any CPU
		{2526B799-9FB1-4561-B510-74B548BB53A1}.Release|Any CPU.ActiveCfg = Release|Any CPU
		{2526B799-9FB1-4561-B510-74B548BB53A1}.Release|Any CPU.Build.0 = Release|Any CPU
	EndGlobalSection
	GlobalSection(SolutionProperties) = preSolution
		HideSolutionNode = FALSE
	EndGlobalSection
	GlobalSection(ExtensibilityGlobals) = postSolution
		SolutionGuid = {AAD6DC94-1C43-41C6-9FEE-F451F2EF9306}
	EndGlobalSection
EndGlobal
