
Microsoft Visual Studio Solution File, Format Version 12.00
# Visual Studio 15
VisualStudioVersion = 15.0.27703.2018
MinimumVisualStudioVersion = 10.0.40219.1
Project("{FAE04EC0-301F-11D3-BF4B-00C04F79EFBC}") = "Reflection_practice", "Reflection_practice\Reflection_practice.csproj", "{569B6974-1FE4-4BB8-AF2E-42BFA302F5F9}"
EndProject
Global
	GlobalSection(SolutionConfigurationPlatforms) = preSolution
		Debug|Any CPU = Debug|Any CPU
		Release|Any CPU = Release|Any CPU
	EndGlobalSection
	GlobalSection(ProjectConfigurationPlatforms) = postSolution
		{569B6974-1FE4-4BB8-AF2E-42BFA302F5F9}.Debug|Any CPU.ActiveCfg = Debug|Any CPU
		{569B6974-1FE4-4BB8-AF2E-42BFA302F5F9}.Debug|Any CPU.Build.0 = Debug|Any CPU
		{569B6974-1FE4-4BB8-AF2E-42BFA302F5F9}.Release|Any CPU.ActiveCfg = Release|Any CPU
		{569B6974-1FE4-4BB8-AF2E-42BFA302F5F9}.Release|Any CPU.Build.0 = Release|Any CPU
	EndGlobalSection
	GlobalSection(SolutionProperties) = preSolution
		HideSolutionNode = FALSE
	EndGlobalSection
	GlobalSection(ExtensibilityGlobals) = postSolution
		SolutionGuid = {3F162C93-28B3-4DA3-9DB6-D0E1A15D9AA8}
	EndGlobalSection
EndGlobal
